
Microsoft Visual Studio Solution File, Format Version 12.00
# Visual Studio Version 17
VisualStudioVersion = 17.0.31903.59
MinimumVisualStudioVersion = 10.0.40219.1
Project("{2150E333-8FDC-42A3-9474-1A3956D46DE8}") = "src", "src", "{827E0CD3-B72D-47B6-A68D-7590B98EB39B}"
EndProject
Project("{FAE04EC0-301F-11D3-BF4B-00C04F79EFBC}") = "Starbucks.Api", "src\Starbuck.Api\Starbucks.Api.csproj", "{B093CB3A-A72B-4971-9161-284F958841CD}"
EndProject
Project("{FAE04EC0-301F-11D3-BF4B-00C04F79EFBC}") = "Starbuck.Application", "src\Starbuck.Application\Starbuck.Application.csproj", "{87A789B6-C4C9-4693-BA3A-C0537968A4A3}"
EndProject
Project("{FAE04EC0-301F-11D3-BF4B-00C04F79EFBC}") = "Starbuck.Domain", "src\Starbuck.Domain\Starbuck.Domain.csproj", "{7B13FDC2-F6A7-428C-8AAF-66645F0A3C4B}"
EndProject
Project("{FAE04EC0-301F-11D3-BF4B-00C04F79EFBC}") = "Starbuck.Persistence", "src\Starbuck.Persistence\Starbuck.Persistence.csproj", "{184C9086-F99A-4BBB-BF23-532DC89B8226}"
EndProject
Global
	GlobalSection(SolutionConfigurationPlatforms) = preSolution
		Debug|Any CPU = Debug|Any CPU
		Debug|x64 = Debug|x64
		Debug|x86 = Debug|x86
		Release|Any CPU = Release|Any CPU
		Release|x64 = Release|x64
		Release|x86 = Release|x86
	EndGlobalSection
	GlobalSection(ProjectConfigurationPlatforms) = postSolution
		{B093CB3A-A72B-4971-9161-284F958841CD}.Debug|Any CPU.ActiveCfg = Debug|Any CPU
		{B093CB3A-A72B-4971-9161-284F958841CD}.Debug|Any CPU.Build.0 = Debug|Any CPU
		{B093CB3A-A72B-4971-9161-284F958841CD}.Debug|x64.ActiveCfg = Debug|Any CPU
		{B093CB3A-A72B-4971-9161-284F958841CD}.Debug|x64.Build.0 = Debug|Any CPU
		{B093CB3A-A72B-4971-9161-284F958841CD}.Debug|x86.ActiveCfg = Debug|Any CPU
		{B093CB3A-A72B-4971-9161-284F958841CD}.Debug|x86.Build.0 = Debug|Any CPU
		{B093CB3A-A72B-4971-9161-284F958841CD}.Release|Any CPU.ActiveCfg = Release|Any CPU
		{B093CB3A-A72B-4971-9161-284F958841CD}.Release|Any CPU.Build.0 = Release|Any CPU
		{B093CB3A-A72B-4971-9161-284F958841CD}.Release|x64.ActiveCfg = Release|Any CPU
		{B093CB3A-A72B-4971-9161-284F958841CD}.Release|x64.Build.0 = Release|Any CPU
		{B093CB3A-A72B-4971-9161-284F958841CD}.Release|x86.ActiveCfg = Release|Any CPU
		{B093CB3A-A72B-4971-9161-284F958841CD}.Release|x86.Build.0 = Release|Any CPU
		{87A789B6-C4C9-4693-BA3A-C0537968A4A3}.Debug|Any CPU.ActiveCfg = Debug|Any CPU
		{87A789B6-C4C9-4693-BA3A-C0537968A4A3}.Debug|Any CPU.Build.0 = Debug|Any CPU
		{87A789B6-C4C9-4693-BA3A-C0537968A4A3}.Debug|x64.ActiveCfg = Debug|Any CPU
		{87A789B6-C4C9-4693-BA3A-C0537968A4A3}.Debug|x64.Build.0 = Debug|Any CPU
		{87A789B6-C4C9-4693-BA3A-C0537968A4A3}.Debug|x86.ActiveCfg = Debug|Any CPU
		{87A789B6-C4C9-4693-BA3A-C0537968A4A3}.Debug|x86.Build.0 = Debug|Any CPU
		{87A789B6-C4C9-4693-BA3A-C0537968A4A3}.Release|Any CPU.ActiveCfg = Release|Any CPU
		{87A789B6-C4C9-4693-BA3A-C0537968A4A3}.Release|Any CPU.Build.0 = Release|Any CPU
		{87A789B6-C4C9-4693-BA3A-C0537968A4A3}.Release|x64.ActiveCfg = Release|Any CPU
		{87A789B6-C4C9-4693-BA3A-C0537968A4A3}.Release|x64.Build.0 = Release|Any CPU
		{87A789B6-C4C9-4693-BA3A-C0537968A4A3}.Release|x86.ActiveCfg = Release|Any CPU
		{87A789B6-C4C9-4693-BA3A-C0537968A4A3}.Release|x86.Build.0 = Release|Any CPU
		{7B13FDC2-F6A7-428C-8AAF-66645F0A3C4B}.Debug|Any CPU.ActiveCfg = Debug|Any CPU
		{7B13FDC2-F6A7-428C-8AAF-66645F0A3C4B}.Debug|Any CPU.Build.0 = Debug|Any CPU
		{7B13FDC2-F6A7-428C-8AAF-66645F0A3C4B}.Debug|x64.ActiveCfg = Debug|Any CPU
		{7B13FDC2-F6A7-428C-8AAF-66645F0A3C4B}.Debug|x64.Build.0 = Debug|Any CPU
		{7B13FDC2-F6A7-428C-8AAF-66645F0A3C4B}.Debug|x86.ActiveCfg = Debug|Any CPU
		{7B13FDC2-F6A7-428C-8AAF-66645F0A3C4B}.Debug|x86.Build.0 = Debug|Any CPU
		{7B13FDC2-F6A7-428C-8AAF-66645F0A3C4B}.Release|Any CPU.ActiveCfg = Release|Any CPU
		{7B13FDC2-F6A7-428C-8AAF-66645F0A3C4B}.Release|Any CPU.Build.0 = Release|Any CPU
		{7B13FDC2-F6A7-428C-8AAF-66645F0A3C4B}.Release|x64.ActiveCfg = Release|Any CPU
		{7B13FDC2-F6A7-428C-8AAF-66645F0A3C4B}.Release|x64.Build.0 = Release|Any CPU
		{7B13FDC2-F6A7-428C-8AAF-66645F0A3C4B}.Release|x86.ActiveCfg = Release|Any CPU
		{7B13FDC2-F6A7-428C-8AAF-66645F0A3C4B}.Release|x86.Build.0 = Release|Any CPU
		{184C9086-F99A-4BBB-BF23-532DC89B8226}.Debug|Any CPU.ActiveCfg = Debug|Any CPU
		{184C9086-F99A-4BBB-BF23-532DC89B8226}.Debug|Any CPU.Build.0 = Debug|Any CPU
		{184C9086-F99A-4BBB-BF23-532DC89B8226}.Debug|x64.ActiveCfg = Debug|Any CPU
		{184C9086-F99A-4BBB-BF23-532DC89B8226}.Debug|x64.Build.0 = Debug|Any CPU
		{184C9086-F99A-4BBB-BF23-532DC89B8226}.Debug|x86.ActiveCfg = Debug|Any CPU
		{184C9086-F99A-4BBB-BF23-532DC89B8226}.Debug|x86.Build.0 = Debug|Any CPU
		{184C9086-F99A-4BBB-BF23-532DC89B8226}.Release|Any CPU.ActiveCfg = Release|Any CPU
		{184C9086-F99A-4BBB-BF23-532DC89B8226}.Release|Any CPU.Build.0 = Release|Any CPU
		{184C9086-F99A-4BBB-BF23-532DC89B8226}.Release|x64.ActiveCfg = Release|Any CPU
		{184C9086-F99A-4BBB-BF23-532DC89B8226}.Release|x64.Build.0 = Release|Any CPU
		{184C9086-F99A-4BBB-BF23-532DC89B8226}.Release|x86.ActiveCfg = Release|Any CPU
		{184C9086-F99A-4BBB-BF23-532DC89B8226}.Release|x86.Build.0 = Release|Any CPU
	EndGlobalSection
	GlobalSection(SolutionProperties) = preSolution
		HideSolutionNode = FALSE
	EndGlobalSection
	GlobalSection(NestedProjects) = preSolution
		{B093CB3A-A72B-4971-9161-284F958841CD} = {827E0CD3-B72D-47B6-A68D-7590B98EB39B}
		{87A789B6-C4C9-4693-BA3A-C0537968A4A3} = {827E0CD3-B72D-47B6-A68D-7590B98EB39B}
		{7B13FDC2-F6A7-428C-8AAF-66645F0A3C4B} = {827E0CD3-B72D-47B6-A68D-7590B98EB39B}
		{184C9086-F99A-4BBB-BF23-532DC89B8226} = {827E0CD3-B72D-47B6-A68D-7590B98EB39B}
	EndGlobalSection
	GlobalSection(ExtensibilityGlobals) = postSolution
		SolutionGuid = {E9C9814B-7751-457B-960A-CE72AC35B058}
	EndGlobalSection
EndGlobal
